
Microsoft Visual Studio Solution File, Format Version 12.00
# Visual Studio Version 17
VisualStudioVersion = 17.0.31903.59
MinimumVisualStudioVersion = 10.0.40219.1
Project("{2150E333-8FDC-42A3-9474-1A3956D46DE8}") = "backend", "backend", "{1AE8ACA6-933B-BF2A-3671-3E2EAC007D16}"
EndProject
Project("{FAE04EC0-301F-11D3-BF4B-00C04F79EFBC}") = "GestaoDocumental.Api", "backend\GestaoDocumental.Api\GestaoDocumental.Api.csproj", "{C4DFDCC4-ED8F-44DF-8DA6-CB70BE537EE2}"
EndProject
Project("{FAE04EC0-301F-11D3-BF4B-00C04F79EFBC}") = "GestaoDocumental.Domain", "backend\GestaoDocumental.Domain\GestaoDocumental.Domain.csproj", "{94360300-B09D-4BA2-8E97-7F869A123508}"
EndProject
Project("{FAE04EC0-301F-11D3-BF4B-00C04F79EFBC}") = "GestaoDocumental.Shared", "backend\GestaoDocumental.Shared\GestaoDocumental.Shared.csproj", "{3DB649A7-A454-486A-B958-8A8877B91BE1}"
EndProject
Project("{FAE04EC0-301F-11D3-BF4B-00C04F79EFBC}") = "GestaoDocumental.Application", "backend\GestaoDocumental.Application\GestaoDocumental.Application.csproj", "{EFA73054-5D34-4EDF-8313-BDF00A6DF812}"
EndProject
Project("{FAE04EC0-301F-11D3-BF4B-00C04F79EFBC}") = "GestaoDocumental.Infrastructure", "backend\GestaoDocumental.Infrastructure\GestaoDocumental.Infrastructure.csproj", "{EF82E1CC-5302-40A5-B511-A5CD53C94BC3}"
EndProject
Global
	GlobalSection(SolutionConfigurationPlatforms) = preSolution
		Debug|Any CPU = Debug|Any CPU
		Debug|x64 = Debug|x64
		Debug|x86 = Debug|x86
		Release|Any CPU = Release|Any CPU
		Release|x64 = Release|x64
		Release|x86 = Release|x86
	EndGlobalSection
	GlobalSection(ProjectConfigurationPlatforms) = postSolution
		{C4DFDCC4-ED8F-44DF-8DA6-CB70BE537EE2}.Debug|Any CPU.ActiveCfg = Debug|Any CPU
		{C4DFDCC4-ED8F-44DF-8DA6-CB70BE537EE2}.Debug|Any CPU.Build.0 = Debug|Any CPU
		{C4DFDCC4-ED8F-44DF-8DA6-CB70BE537EE2}.Debug|x64.ActiveCfg = Debug|Any CPU
		{C4DFDCC4-ED8F-44DF-8DA6-CB70BE537EE2}.Debug|x64.Build.0 = Debug|Any CPU
		{C4DFDCC4-ED8F-44DF-8DA6-CB70BE537EE2}.Debug|x86.ActiveCfg = Debug|Any CPU
		{C4DFDCC4-ED8F-44DF-8DA6-CB70BE537EE2}.Debug|x86.Build.0 = Debug|Any CPU
		{C4DFDCC4-ED8F-44DF-8DA6-CB70BE537EE2}.Release|Any CPU.ActiveCfg = Release|Any CPU
		{C4DFDCC4-ED8F-44DF-8DA6-CB70BE537EE2}.Release|Any CPU.Build.0 = Release|Any CPU
		{C4DFDCC4-ED8F-44DF-8DA6-CB70BE537EE2}.Release|x64.ActiveCfg = Release|Any CPU
		{C4DFDCC4-ED8F-44DF-8DA6-CB70BE537EE2}.Release|x64.Build.0 = Release|Any CPU
		{C4DFDCC4-ED8F-44DF-8DA6-CB70BE537EE2}.Release|x86.ActiveCfg = Release|Any CPU
		{C4DFDCC4-ED8F-44DF-8DA6-CB70BE537EE2}.Release|x86.Build.0 = Release|Any CPU
		{94360300-B09D-4BA2-8E97-7F869A123508}.Debug|Any CPU.ActiveCfg = Debug|Any CPU
		{94360300-B09D-4BA2-8E97-7F869A123508}.Debug|Any CPU.Build.0 = Debug|Any CPU
		{94360300-B09D-4BA2-8E97-7F869A123508}.Debug|x64.ActiveCfg = Debug|Any CPU
		{94360300-B09D-4BA2-8E97-7F869A123508}.Debug|x64.Build.0 = Debug|Any CPU
		{94360300-B09D-4BA2-8E97-7F869A123508}.Debug|x86.ActiveCfg = Debug|Any CPU
		{94360300-B09D-4BA2-8E97-7F869A123508}.Debug|x86.Build.0 = Debug|Any CPU
		{94360300-B09D-4BA2-8E97-7F869A123508}.Release|Any CPU.ActiveCfg = Release|Any CPU
		{94360300-B09D-4BA2-8E97-7F869A123508}.Release|Any CPU.Build.0 = Release|Any CPU
		{94360300-B09D-4BA2-8E97-7F869A123508}.Release|x64.ActiveCfg = Release|Any CPU
		{94360300-B09D-4BA2-8E97-7F869A123508}.Release|x64.Build.0 = Release|Any CPU
		{94360300-B09D-4BA2-8E97-7F869A123508}.Release|x86.ActiveCfg = Release|Any CPU
		{94360300-B09D-4BA2-8E97-7F869A123508}.Release|x86.Build.0 = Release|Any CPU
		{3DB649A7-A454-486A-B958-8A8877B91BE1}.Debug|Any CPU.ActiveCfg = Debug|Any CPU
		{3DB649A7-A454-486A-B958-8A8877B91BE1}.Debug|Any CPU.Build.0 = Debug|Any CPU
		{3DB649A7-A454-486A-B958-8A8877B91BE1}.Debug|x64.ActiveCfg = Debug|Any CPU
		{3DB649A7-A454-486A-B958-8A8877B91BE1}.Debug|x64.Build.0 = Debug|Any CPU
		{3DB649A7-A454-486A-B958-8A8877B91BE1}.Debug|x86.ActiveCfg = Debug|Any CPU
		{3DB649A7-A454-486A-B958-8A8877B91BE1}.Debug|x86.Build.0 = Debug|Any CPU
		{3DB649A7-A454-486A-B958-8A8877B91BE1}.Release|Any CPU.ActiveCfg = Release|Any CPU
		{3DB649A7-A454-486A-B958-8A8877B91BE1}.Release|Any CPU.Build.0 = Release|Any CPU
		{3DB649A7-A454-486A-B958-8A8877B91BE1}.Release|x64.ActiveCfg = Release|Any CPU
		{3DB649A7-A454-486A-B958-8A8877B91BE1}.Release|x64.Build.0 = Release|Any CPU
		{3DB649A7-A454-486A-B958-8A8877B91BE1}.Release|x86.ActiveCfg = Release|Any CPU
		{3DB649A7-A454-486A-B958-8A8877B91BE1}.Release|x86.Build.0 = Release|Any CPU
		{EFA73054-5D34-4EDF-8313-BDF00A6DF812}.Debug|Any CPU.ActiveCfg = Debug|Any CPU
		{EFA73054-5D34-4EDF-8313-BDF00A6DF812}.Debug|Any CPU.Build.0 = Debug|Any CPU
		{EFA73054-5D34-4EDF-8313-BDF00A6DF812}.Debug|x64.ActiveCfg = Debug|Any CPU
		{EFA73054-5D34-4EDF-8313-BDF00A6DF812}.Debug|x64.Build.0 = Debug|Any CPU
		{EFA73054-5D34-4EDF-8313-BDF00A6DF812}.Debug|x86.ActiveCfg = Debug|Any CPU
		{EFA73054-5D34-4EDF-8313-BDF00A6DF812}.Debug|x86.Build.0 = Debug|Any CPU
		{EFA73054-5D34-4EDF-8313-BDF00A6DF812}.Release|Any CPU.ActiveCfg = Release|Any CPU
		{EFA73054-5D34-4EDF-8313-BDF00A6DF812}.Release|Any CPU.Build.0 = Release|Any CPU
		{EFA73054-5D34-4EDF-8313-BDF00A6DF812}.Release|x64.ActiveCfg = Release|Any CPU
		{EFA73054-5D34-4EDF-8313-BDF00A6DF812}.Release|x64.Build.0 = Release|Any CPU
		{EFA73054-5D34-4EDF-8313-BDF00A6DF812}.Release|x86.ActiveCfg = Release|Any CPU
		{EFA73054-5D34-4EDF-8313-BDF00A6DF812}.Release|x86.Build.0 = Release|Any CPU
		{EF82E1CC-5302-40A5-B511-A5CD53C94BC3}.Debug|Any CPU.ActiveCfg = Debug|Any CPU
		{EF82E1CC-5302-40A5-B511-A5CD53C94BC3}.Debug|Any CPU.Build.0 = Debug|Any CPU
		{EF82E1CC-5302-40A5-B511-A5CD53C94BC3}.Debug|x64.ActiveCfg = Debug|Any CPU
		{EF82E1CC-5302-40A5-B511-A5CD53C94BC3}.Debug|x64.Build.0 = Debug|Any CPU
		{EF82E1CC-5302-40A5-B511-A5CD53C94BC3}.Debug|x86.ActiveCfg = Debug|Any CPU
		{EF82E1CC-5302-40A5-B511-A5CD53C94BC3}.Debug|x86.Build.0 = Debug|Any CPU
		{EF82E1CC-5302-40A5-B511-A5CD53C94BC3}.Release|Any CPU.ActiveCfg = Release|Any CPU
		{EF82E1CC-5302-40A5-B511-A5CD53C94BC3}.Release|Any CPU.Build.0 = Release|Any CPU
		{EF82E1CC-5302-40A5-B511-A5CD53C94BC3}.Release|x64.ActiveCfg = Release|Any CPU
		{EF82E1CC-5302-40A5-B511-A5CD53C94BC3}.Release|x64.Build.0 = Release|Any CPU
		{EF82E1CC-5302-40A5-B511-A5CD53C94BC3}.Release|x86.ActiveCfg = Release|Any CPU
		{EF82E1CC-5302-40A5-B511-A5CD53C94BC3}.Release|x86.Build.0 = Release|Any CPU
	EndGlobalSection
	GlobalSection(SolutionProperties) = preSolution
		HideSolutionNode = FALSE
	EndGlobalSection
	GlobalSection(NestedProjects) = preSolution
		{C4DFDCC4-ED8F-44DF-8DA6-CB70BE537EE2} = {1AE8ACA6-933B-BF2A-3671-3E2EAC007D16}
		{94360300-B09D-4BA2-8E97-7F869A123508} = {1AE8ACA6-933B-BF2A-3671-3E2EAC007D16}
		{3DB649A7-A454-486A-B958-8A8877B91BE1} = {1AE8ACA6-933B-BF2A-3671-3E2EAC007D16}
		{EFA73054-5D34-4EDF-8313-BDF00A6DF812} = {1AE8ACA6-933B-BF2A-3671-3E2EAC007D16}
		{EF82E1CC-5302-40A5-B511-A5CD53C94BC3} = {1AE8ACA6-933B-BF2A-3671-3E2EAC007D16}
	EndGlobalSection
EndGlobal
